{
  "lockfile_version": "1",
  "packages": {
    "github:NixOS/nixpkgs/nixpkgs-unstable": {
      "last_modified": "2026-02-11T21:01:36Z",
      "resolved": "github:NixOS/nixpkgs/2343bbb58f99267223bc2aac4fc9ea301a155a16?lastModified=1770843696"
    },
    "pyright@1.1.411": {
      "last_modified": "2026-06-30T12:14:11Z",
      "resolved": "github:NixOS/nixpkgs/e52c192be9d7b2c4bd4aed326c8731b35f8bb75c#pyright",
      "source": "devbox-search",
      "version": "1.1.411",
      "systems": {
        "aarch64-darwin": {
          "outputs": [
            {
              "name": "out",
              "path": "/nix/store/g2yqz167jd5h3zh0y488i0nm2rw3g5rl-pyright-1.1.411",
              "default": true
            }
          ],
          "store_path": "/nix/store/g2yqz167jd5h3zh0y488i0nm2rw3g5rl-pyright-1.1.411"
        },
        "aarch64-linux": {
          "outputs": [
            {
              "name": "out",
              "path": "/nix/store/8b51mly5krqzp2pmwr5wk01mh1d8kgr3-pyright-1.1.411",
              "default": true
            }
          ],
          "store_path": "/nix/store/8b51mly5krqzp2pmwr5wk01mh1d8kgr3-pyright-1.1.411"
        },
        "x86_64-darwin": {
          "outputs": [
            {
              "name": "out",
              "path": "/nix/store/vwizs533p21gsmacqyx3ng93z41p64rj-pyright-1.1.411",
              "default": true
            }
          ],
          "store_path": "/nix/store/vwizs533p21gsmacqyx3ng93z41p64rj-pyright-1.1.411"
        },
        "x86_64-linux": {
          "outputs": [
            {
              "name": "out",
              "path": "/nix/store/mqllsns0gq46jsjff2vv0qn9rykwwx8d-pyright-1.1.411",
              "default": true
            }
          ],
          "store_path": "/nix/store/mqllsns0gq46jsjff2vv0qn9rykwwx8d-pyright-1.1.411"
        }
      }
    },
    "python@3.13": {
      "last_modified": "2025-05-16T20:19:48Z",
      "plugin_version": "0.0.5",
      "resolved": "github:NixOS/nixpkgs/12a55407652e04dcf2309436eb06fef0d3713ef3#python313",
      "source": "devbox-search",
      "version": "3.13.3",
      "systems": {
        "aarch64-darwin": {
          "outputs": [
            {
              "name": "out",
              "path": "/nix/store/1a8xg8l3m67hxinxzzcsak9736qm9vsf-python3-3.13.3",
              "default": true
            }
          ],
          "store_path": "/nix/store/1a8xg8l3m67hxinxzzcsak9736qm9vsf-python3-3.13.3"
        },
        "aarch64-linux": {
          "outputs": [
            {
              "name": "out",
              "path": "/nix/store/yy0xvc2rydhrs0h1v8d7r3sql347xzz5-python3-3.13.3",
              "default": true
            },
            {
              "name": "debug",
              "path": "/nix/store/42bxfqfrh8cwspl7szr0cw8739xv8qlq-python3-3.13.3-debug"
            }
          ],
          "store_path": "/nix/store/yy0xvc2rydhrs0h1v8d7r3sql347xzz5-python3-3.13.3"
        },
        "x86_64-darwin": {
          "outputs": [
            {
              "name": "out",
              "path": "/nix/store/gbrigjhghz9v2p0zf9b2fnvs0g0yx7q4-python3-3.13.3",
              "default": true
            }
          ],
          "store_path": "/nix/store/gbrigjhghz9v2p0zf9b2fnvs0g0yx7q4-python3-3.13.3"
        },
        "x86_64-linux": {
          "outputs": [
            {
              "name": "out",
              "path": "/nix/store/2mab9iiwhcqwk75qwvp3zv0bvbiaq6cs-python3-3.13.3",
              "default": true
            },
            {
              "name": "debug",
              "path": "/nix/store/9z6k8ijl2md0y2n95yprbjj4vxbfsi15-python3-3.13.3-debug"
            }
          ],
          "store_path": "/nix/store/2mab9iiwhcqwk75qwvp3zv0bvbiaq6cs-python3-3.13.3"
        }
      }
    },
    "ruff@0.15.20": {
      "last_modified": "2026-06-28T08:48:41Z",
      "resolved": "github:NixOS/nixpkgs/e1c1b84752fb0897897380a3cae9dc7fcab91ca3#ruff",
      "source": "devbox-search",
      "version": "0.15.20",
      "systems": {
        "aarch64-darwin": {
          "outputs": [
            {
              "name": "out",
              "path": "/nix/store/xzg11r2zjmrf0hykdpa5rsg08szy1031-ruff-0.15.20",
              "default": true
            }
          ],
          "store_path": "/nix/store/xzg11r2zjmrf0hykdpa5rsg08szy1031-ruff-0.15.20"
        },
        "aarch64-linux": {
          "outputs": [
            {
              "name": "out",
              "path": "/nix/store/x36i9a4qjs84f6hs3pq5pvg4rx0ghvk1-ruff-0.15.20",
              "default": true
            }
          ],
          "store_path": "/nix/store/x36i9a4qjs84f6hs3pq5pvg4rx0ghvk1-ruff-0.15.20"
        },
        "x86_64-darwin": {
          "outputs": [
            {
              "name": "out",
              "path": "/nix/store/06ns7wsp1j3zd2qxf3xs5b4acvbhc5s1-ruff-0.15.20",
              "default": true
            }
          ],
          "store_path": "/nix/store/06ns7wsp1j3zd2qxf3xs5b4acvbhc5s1-ruff-0.15.20"
        },
        "x86_64-linux": {
          "outputs": [
            {
              "name": "out",
              "path": "/nix/store/k2v9f3y5ghvcg7r84x9cpd8xpaig5dn9-ruff-0.15.20",
              "default": true
            }
          ],
          "store_path": "/nix/store/k2v9f3y5ghvcg7r84x9cpd8xpaig5dn9-ruff-0.15.20"
        }
      }
    },
    "uv@0.11.25": {
      "last_modified": "2026-07-04T17:57:37Z",
      "resolved": "github:NixOS/nixpkgs/19a8a1e6d8b7315b6fd84e5a51977ce6f69d5a5b#uv",
      "source": "devbox-search",
      "version": "0.11.25",
      "systems": {
        "aarch64-darwin": {
          "outputs": [
            {
              "name": "out",
              "path": "/nix/store/f0kyi2i8xrfx7i405n5qy97kr0y5b2wv-uv-0.11.25",
              "default": true
            }
          ],
          "store_path": "/nix/store/f0kyi2i8xrfx7i405n5qy97kr0y5b2wv-uv-0.11.25"
        },
        "aarch64-linux": {
          "outputs": [
            {
              "name": "out",
              "path": "/nix/store/8qd81vygrwkvp8ndg3ihj9wq3pl97hfd-uv-0.11.25",
              "default": true
            }
          ],
          "store_path": "/nix/store/8qd81vygrwkvp8ndg3ihj9wq3pl97hfd-uv-0.11.25"
        },
        "x86_64-darwin": {
          "outputs": [
            {
              "name": "out",
              "path": "/nix/store/z4dcs3l0khfc2hky62bhy6v45lmysdvz-uv-0.11.25",
              "default": true
            }
          ],
          "store_path": "/nix/store/z4dcs3l0khfc2hky62bhy6v45lmysdvz-uv-0.11.25"
        },
        "x86_64-linux": {
          "outputs": [
            {
              "name": "out",
              "path": "/nix/store/cgvijxnmydknslkl368k4j4j43akvl8b-uv-0.11.25",
              "default": true
            }
          ],
          "store_path": "/nix/store/cgvijxnmydknslkl368k4j4j43akvl8b-uv-0.11.25"
        }
      }
    }
  }
}
