{
  "lockfile_version": "1",
  "packages": {
    "github:NixOS/nixpkgs/nixpkgs-unstable": {
      "last_modified": "2026-09-27T11:55:07Z",
      "resolved": "github:NixOS/nixpkgs/3181085bfd08663b6b9e60bc7a8395c2aaa741bd?lastModified=1790510107&narHash=sha256-EVMNYv7hYDDD9TGVT%2FhIyTYgpiXA8y3m5xIEIxuGNU0%3D"
    },
    "pyright@1.1.412": {
      "last_modified": "2026-09-17T08:15:29Z",
      "resolved": "github:NixOS/nixpkgs/a32edd7654519351e48e80372a928df336394670#pyright",
      "source": "devbox-search",
      "version": "1.1.412",
      "systems": {
        "aarch64-darwin": {
          "outputs": [
            {
              "name": "out",
              "path": "/nix/store/wdn8ra5vrbjdqcka6pavmncqcblfjk3d-pyright-1.1.412",
              "default": true
            }
          ],
          "store_path": "/nix/store/wdn8ra5vrbjdqcka6pavmncqcblfjk3d-pyright-1.1.412"
        },
        "aarch64-linux": {
          "outputs": [
            {
              "name": "out",
              "path": "/nix/store/m7dsdgs2myx9gl9a0llqm8adlq2ijii4-pyright-1.1.412",
              "default": true
            }
          ],
          "store_path": "/nix/store/m7dsdgs2myx9gl9a0llqm8adlq2ijii4-pyright-1.1.412"
        },
        "x86_64-linux": {
          "outputs": [
            {
              "name": "out",
              "path": "/nix/store/blnnbjgvw0cqaq71zmi53h72acv2dsy5-pyright-1.1.412",
              "default": true
            }
          ],
          "store_path": "/nix/store/blnnbjgvw0cqaq71zmi53h72acv2dsy5-pyright-1.1.412"
        }
      }
    },
    "python@3.14": {
      "last_modified": "2026-09-27T03:42:02Z",
      "plugin_version": "0.0.5",
      "resolved": "github:NixOS/nixpkgs/8d5d270900d3fc75655ea2d9d248b234f6631439#python3",
      "source": "devbox-search",
      "version": "3.14.7",
      "systems": {
        "aarch64-darwin": {
          "outputs": [
            {
              "name": "out",
              "path": "/nix/store/4l8r0s2r5fna7src82b5fc2hixdvfyw0-python3-3.14.7",
              "default": true
            }
          ],
          "store_path": "/nix/store/4l8r0s2r5fna7src82b5fc2hixdvfyw0-python3-3.14.7"
        },
        "aarch64-linux": {
          "outputs": [
            {
              "name": "out",
              "path": "/nix/store/3fl7bdkdxk2k4nssy1d1161isbzn6bsr-python3-3.14.7",
              "default": true
            },
            {
              "name": "debug",
              "path": "/nix/store/zvk2q8scqjggfzj45pwlhcynmm298qa1-python3-3.14.7-debug"
            }
          ],
          "store_path": "/nix/store/3fl7bdkdxk2k4nssy1d1161isbzn6bsr-python3-3.14.7"
        },
        "x86_64-linux": {
          "outputs": [
            {
              "name": "out",
              "path": "/nix/store/d64q19q1xjdwfhqx6czvrjgrhq0n3lcc-python3-3.14.7",
              "default": true
            },
            {
              "name": "debug",
              "path": "/nix/store/ys443a0qz8b8c9wb4mxc42ni49i5v63p-python3-3.14.7-debug"
            }
          ],
          "store_path": "/nix/store/d64q19q1xjdwfhqx6czvrjgrhq0n3lcc-python3-3.14.7"
        }
      }
    },
    "ruff@0.16.4": {
      "last_modified": "2026-08-27T07:16:00Z",
      "resolved": "github:NixOS/nixpkgs/c27cdad491a991b11ed731760aa2ef8db0cb0410#ruff",
      "source": "devbox-search",
      "version": "0.16.4",
      "systems": {
        "aarch64-darwin": {
          "outputs": [
            {
              "name": "out",
              "path": "/nix/store/if22594360r2a423r80z89gsx4pl2gwj-ruff-0.16.4",
              "default": true
            }
          ],
          "store_path": "/nix/store/if22594360r2a423r80z89gsx4pl2gwj-ruff-0.16.4"
        },
        "aarch64-linux": {
          "outputs": [
            {
              "name": "out",
              "path": "/nix/store/s6c59frygi1c6jr2q8qi3f2qa2jbxw8x-ruff-0.16.4",
              "default": true
            }
          ],
          "store_path": "/nix/store/s6c59frygi1c6jr2q8qi3f2qa2jbxw8x-ruff-0.16.4"
        },
        "x86_64-linux": {
          "outputs": [
            {
              "name": "out",
              "path": "/nix/store/xi59277whmb7gyivdh13q24bglzgkmgs-ruff-0.16.4",
              "default": true
            }
          ],
          "store_path": "/nix/store/xi59277whmb7gyivdh13q24bglzgkmgs-ruff-0.16.4"
        }
      }
    },
    "uv@0.12.5": {
      "last_modified": "2026-08-27T07:16:00Z",
      "resolved": "github:NixOS/nixpkgs/c27cdad491a991b11ed731760aa2ef8db0cb0410#uv",
      "source": "devbox-search",
      "version": "0.12.5",
      "systems": {
        "aarch64-darwin": {
          "outputs": [
            {
              "name": "out",
              "path": "/nix/store/71zq15rr7i4avy58y89hfgf2lhp3b7la-uv-0.12.5",
              "default": true
            }
          ],
          "store_path": "/nix/store/71zq15rr7i4avy58y89hfgf2lhp3b7la-uv-0.12.5"
        },
        "aarch64-linux": {
          "outputs": [
            {
              "name": "out",
              "path": "/nix/store/s2pqw31dkyrcym72fcdn0h9myl0yy9ix-uv-0.12.5",
              "default": true
            }
          ],
          "store_path": "/nix/store/s2pqw31dkyrcym72fcdn0h9myl0yy9ix-uv-0.12.5"
        },
        "x86_64-linux": {
          "outputs": [
            {
              "name": "out",
              "path": "/nix/store/v6av5m4035ds4558ax9sh0ywwnkjnd7b-uv-0.12.5",
              "default": true
            }
          ],
          "store_path": "/nix/store/v6av5m4035ds4558ax9sh0ywwnkjnd7b-uv-0.12.5"
        }
      }
    }
  }
}
